<?xml version="1.0" encoding="utf-8"?>
<Project ToolsVersion="4.0" xmlns="http://schemas.microsoft.com/developer/msbuild/2003">
  <ItemGroup>
    <Filter Include="ResourceManager">
      <UniqueIdentifier>{fa6d86e3-b151-49dc-b9f2-323f06656172}</UniqueIdentifier>
    </Filter>
    <Filter Include="Rendering">
      <UniqueIdentifier>{27fcd9bf-9aba-4412-bd27-11d4eed16b4f}</UniqueIdentifier>
    </Filter>
    <Filter Include="ProcessManager">
      <UniqueIdentifier>{ff4d1787-6c07-4ea5-a6a1-1e70a9d8f83e}</UniqueIdentifier>
    </Filter>
    <Filter Include="Serialization">
      <UniqueIdentifier>{3ad46e95-fc2f-4dce-a097-2b81146ca360}</UniqueIdentifier>
    </Filter>
    <Filter Include="Core">
      <UniqueIdentifier>{93995380-89BD-4b04-88EB-625FBE52EBFB}</UniqueIdentifier>
      <Extensions>h;hh;hpp;hxx;hm;inl;inc;xsd</Extensions>
    </Filter>
  </ItemGroup>
  <ItemGroup>
    <ClCompile Include="ResourceManager.cpp">
      <Filter>ResourceManager</Filter>
    </ClCompile>
    <ClCompile Include="MeshResourceLoader.cpp">
      <Filter>ResourceManager</Filter>
    </ClCompile>
    <ClCompile Include="MaterialResourceLoader.cpp">
      <Filter>ResourceManager</Filter>
    </ClCompile>
    <ClCompile Include="TextureResourceLoader.cpp">
      <Filter>ResourceManager</Filter>
    </ClCompile>
    <ClCompile Include="BufferIndicies.cpp">
      <Filter>Rendering</Filter>
    </ClCompile>
    <ClCompile Include="IndexBuffer.cpp">
      <Filter>Rendering</Filter>
    </ClCompile>
    <ClCompile Include="IndexBufferManager.cpp">
      <Filter>Rendering</Filter>
    </ClCompile>
    <ClCompile Include="MatrixStack.cpp">
      <Filter>Rendering</Filter>
    </ClCompile>
    <ClCompile Include="MeshInstance.cpp">
      <Filter>Rendering</Filter>
    </ClCompile>
    <ClCompile Include="MeshNode.cpp">
      <Filter>Rendering</Filter>
    </ClCompile>
    <ClCompile Include="MeshShader.cpp">
      <Filter>Rendering</Filter>
    </ClCompile>
    <ClCompile Include="MeshSubset.cpp">
      <Filter>Rendering</Filter>
    </ClCompile>
    <ClCompile Include="Renderer.cpp">
      <Filter>Rendering</Filter>
    </ClCompile>
    <ClCompile Include="RenderingServices.cpp">
      <Filter>Rendering</Filter>
    </ClCompile>
    <ClCompile Include="Scene.cpp">
      <Filter>Rendering</Filter>
    </ClCompile>
    <ClCompile Include="SceneNode.cpp">
      <Filter>Rendering</Filter>
    </ClCompile>
    <ClCompile Include="VertexBuffer.cpp">
      <Filter>Rendering</Filter>
    </ClCompile>
    <ClCompile Include="VertexBufferManager.cpp">
      <Filter>Rendering</Filter>
    </ClCompile>
    <ClCompile Include="ProcessManager.cpp">
      <Filter>ProcessManager</Filter>
    </ClCompile>
    <ClCompile Include="Process.cpp">
      <Filter>ProcessManager</Filter>
    </ClCompile>
    <ClCompile Include="WorldSetup.cpp">
      <Filter>Serialization</Filter>
    </ClCompile>
    <ClCompile Include="DeserializeMapping.cpp">
      <Filter>Serialization</Filter>
    </ClCompile>
    <ClCompile Include="Engine.cpp">
      <Filter>Core</Filter>
    </ClCompile>
    <ClCompile Include="RendererProperties.cpp">
      <Filter>Core</Filter>
    </ClCompile>
    <ClCompile Include="SceneGraphProperties.cpp">
      <Filter>Core</Filter>
    </ClCompile>
    <ClCompile Include="SmallObject.cpp">
      <Filter>Core</Filter>
    </ClCompile>
    <ClCompile Include="GameClock.cpp">
      <Filter>Core</Filter>
    </ClCompile>
    <ClCompile Include="AnimationClock.cpp">
      <Filter>Core</Filter>
    </ClCompile>
    <ClCompile Include="SkeletonResourceLoader.cpp" />
  </ItemGroup>
  <ItemGroup>
    <ClInclude Include="DynamicLibraryHelper.h">
      <Filter>Core</Filter>
    </ClInclude>
    <ClInclude Include="Engine.h">
      <Filter>Core</Filter>
    </ClInclude>
    <ClInclude Include="GameObjectProperty.h">
      <Filter>Core</Filter>
    </ClInclude>
    <ClInclude Include="RendererProperties.h">
      <Filter>Core</Filter>
    </ClInclude>
    <ClInclude Include="SceneGraphProperties.h">
      <Filter>Core</Filter>
    </ClInclude>
    <ClInclude Include="ResourceManager.h">
      <Filter>ResourceManager</Filter>
    </ClInclude>
    <ClInclude Include="MeshResourceLoader.h">
      <Filter>ResourceManager</Filter>
    </ClInclude>
    <ClInclude Include="MaterialResourceLoader.h">
      <Filter>ResourceManager</Filter>
    </ClInclude>
    <ClInclude Include="IResourceLoader.h">
      <Filter>ResourceManager</Filter>
    </ClInclude>
    <ClInclude Include="TextureResourceLoader.h">
      <Filter>ResourceManager</Filter>
    </ClInclude>
    <ClInclude Include="BufferIndicies.h">
      <Filter>Rendering</Filter>
    </ClInclude>
    <ClInclude Include="IMeshShader.h">
      <Filter>Rendering</Filter>
    </ClInclude>
    <ClInclude Include="IndexBuffer.h">
      <Filter>Rendering</Filter>
    </ClInclude>
    <ClInclude Include="IndexBufferManager.h">
      <Filter>Rendering</Filter>
    </ClInclude>
    <ClInclude Include="MatrixStack.h">
      <Filter>Rendering</Filter>
    </ClInclude>
    <ClInclude Include="MeshInstance.h">
      <Filter>Rendering</Filter>
    </ClInclude>
    <ClInclude Include="MeshNode.h">
      <Filter>Rendering</Filter>
    </ClInclude>
    <ClInclude Include="MeshShader.h">
      <Filter>Rendering</Filter>
    </ClInclude>
    <ClInclude Include="MeshSubset.h">
      <Filter>Rendering</Filter>
    </ClInclude>
    <ClInclude Include="Renderer.h">
      <Filter>Rendering</Filter>
    </ClInclude>
    <ClInclude Include="RenderPass.h">
      <Filter>Rendering</Filter>
    </ClInclude>
    <ClInclude Include="Scene.h">
      <Filter>Rendering</Filter>
    </ClInclude>
    <ClInclude Include="SceneNode.h">
      <Filter>Rendering</Filter>
    </ClInclude>
    <ClInclude Include="SceneNodeType.h">
      <Filter>Rendering</Filter>
    </ClInclude>
    <ClInclude Include="Vertex.h">
      <Filter>Rendering</Filter>
    </ClInclude>
    <ClInclude Include="VertexBuffer.h">
      <Filter>Rendering</Filter>
    </ClInclude>
    <ClInclude Include="VertexBufferManager.h">
      <Filter>Rendering</Filter>
    </ClInclude>
    <ClInclude Include="VertexTypeHandle.h">
      <Filter>Rendering</Filter>
    </ClInclude>
    <ClInclude Include="RenderingServices.h">
      <Filter>Rendering</Filter>
    </ClInclude>
    <ClInclude Include="ProcessManager.h">
      <Filter>ProcessManager</Filter>
    </ClInclude>
    <ClInclude Include="Process.h">
      <Filter>ProcessManager</Filter>
    </ClInclude>
    <ClInclude Include="WorldSetup.h">
      <Filter>Serialization</Filter>
    </ClInclude>
    <ClInclude Include="DeserializerFactory.h">
      <Filter>Serialization</Filter>
    </ClInclude>
    <ClInclude Include="DeserializeMapping.h">
      <Filter>Serialization</Filter>
    </ClInclude>
    <ClInclude Include="JsonValue.h">
      <Filter>Serialization</Filter>
    </ClInclude>
    <ClInclude Include="SmallObject.h">
      <Filter>Core</Filter>
    </ClInclude>
    <ClInclude Include="StringHash.h">
      <Filter>Core</Filter>
    </ClInclude>
    <ClInclude Include="ClockUnits.h">
      <Filter>Core</Filter>
    </ClInclude>
    <ClInclude Include="GameClock.h">
      <Filter>Core</Filter>
    </ClInclude>
    <ClInclude Include="AnimationClock.h">
      <Filter>Core</Filter>
    </ClInclude>
    <ClInclude Include="Skeleton.h">
      <Filter>Core</Filter>
    </ClInclude>
    <ClInclude Include="SkeletonJoint.h">
      <Filter>Core</Filter>
    </ClInclude>
    <ClInclude Include="SkinnedVertex.h">
      <Filter>Core</Filter>
    </ClInclude>
    <ClInclude Include="SkeletonResourceLoader.h">
      <Filter>Core</Filter>
    </ClInclude>
  </ItemGroup>
</Project>